
Microsoft Visual Studio Solution File, Format Version 12.00
# Visual Studio 15
VisualStudioVersion = 15.0.27130.0
MinimumVisualStudioVersion = 10.0.40219.1
Project("{FAE04EC0-301F-11D3-BF4B-00C04F79EFBC}") = "MobileMonitor", "MobileMonitor\MobileMonitor.csproj", "{2F9A9813-EB86-4BE1-8330-35CC636D8823}"
EndProject
Project("{FAE04EC0-301F-11D3-BF4B-00C04F79EFBC}") = "MobileMonitor.Tests", "MobileMonitor.Tests\MobileMonitor.Tests.csproj", "{9CA409D5-1DC8-41CF-B374-71F8E938F5C3}"
EndProject
Global
	GlobalSection(SolutionConfigurationPlatforms) = preSolution
		Debug|Any CPU = Debug|Any CPU
		Release|Any CPU = Release|Any CPU
	EndGlobalSection
	GlobalSection(ProjectConfigurationPlatforms) = postSolution
		{2F9A9813-EB86-4BE1-8330-35CC636D8823}.Debug|Any CPU.ActiveCfg = Debug|Any CPU
		{2F9A9813-EB86-4BE1-8330-35CC636D8823}.Debug|Any CPU.Build.0 = Debug|Any CPU
		{2F9A9813-EB86-4BE1-8330-35CC636D8823}.Release|Any CPU.ActiveCfg = Release|Any CPU
		{2F9A9813-EB86-4BE1-8330-35CC636D8823}.Release|Any CPU.Build.0 = Release|Any CPU
		{9CA409D5-1DC8-41CF-B374-71F8E938F5C3}.Debug|Any CPU.ActiveCfg = Debug|Any CPU
		{9CA409D5-1DC8-41CF-B374-71F8E938F5C3}.Debug|Any CPU.Build.0 = Debug|Any CPU
		{9CA409D5-1DC8-41CF-B374-71F8E938F5C3}.Release|Any CPU.ActiveCfg = Release|Any CPU
		{9CA409D5-1DC8-41CF-B374-71F8E938F5C3}.Release|Any CPU.Build.0 = Release|Any CPU
	EndGlobalSection
	GlobalSection(SolutionProperties) = preSolution
		HideSolutionNode = FALSE
	EndGlobalSection
	GlobalSection(ExtensibilityGlobals) = postSolution
		SolutionGuid = {83953FF5-69B2-4FE4-B3D3-941683643A97}
	EndGlobalSection
EndGlobal
